// !$*UTF8*$!
{
	archiveVersion = 1;
	classes = {
	};
	objectVersion = 56;
	objects = {

/* Begin PBXBuildFile section */
		8A4F4AC72A042DA400E1215C /* AppDelegate.swift in Sources */ = {isa = PBXBuildFile; fileRef = 8A4F4AC62A042DA400E1215C /* AppDelegate.swift */; };
		8A4F4AC92A042DA400E1215C /* SceneDelegate.swift in Sources */ = {isa = PBXBuildFile; fileRef = 8A4F4AC82A042DA400E1215C /* SceneDelegate.swift */; };
		8A4F4ACB2A042DA400E1215C /* NewsListTableViewController.swift in Sources */ = {isa = PBXBuildFile; fileRef = 8A4F4ACA2A042DA400E1215C /* NewsListTableViewController.swift */; };
		8A4F4ACE2A042DA400E1215C /* Main.storyboard in Resources */ = {isa = PBXBuildFile; fileRef = 8A4F4ACC2A042DA400E1215C /* Main.storyboard */; };
		8A4F4AD02A042DA600E1215C /* Assets.xcassets in Resources */ = {isa = PBXBuildFile; fileRef = 8A4F4ACF2A042DA600E1215C /* Assets.xcassets */; };
		8A4F4AD32A042DA600E1215C /* LaunchScreen.storyboard in Resources */ = {isa = PBXBuildFile; fileRef = 8A4F4AD12A042DA600E1215C /* LaunchScreen.storyboard */; };
		8A4F4ADD2A0432AA00E1215C /* WebService.swift in Sources */ = {isa = PBXBuildFile; fileRef = 8A4F4ADC2A0432AA00E1215C /* WebService.swift */; };
		8A4F4AE02A0436AD00E1215C /* Article.swift in Sources */ = {isa = PBXBuildFile; fileRef = 8A4F4ADF2A0436AD00E1215C /* Article.swift */; };
		8A4F4AE82A0548F500E1215C /* ArticleTableViewCell.swift in Sources */ = {isa = PBXBuildFile; fileRef = 8A4F4AE72A0548F500E1215C /* ArticleTableViewCell.swift */; };
/* End PBXBuildFile section */

/* Begin PBXFileReference section */
		8A4F4AC32A042DA400E1215C /* GoodNews.app */ = {isa = PBXFileReference; explicitFileType = wrapper.application; includeInIndex = 0; path = GoodNews.app; sourceTree = BUILT_PRODUCTS_DIR; };
		8A4F4AC62A042DA400E1215C /* AppDelegate.swift */ = {isa = PBXFileReference; lastKnownFileType = sourcecode.swift; path = AppDelegate.swift; sourceTree = "<group>"; };
		8A4F4AC82A042DA400E1215C /* SceneDelegate.swift */ = {isa = PBXFileReference; lastKnownFileType = sourcecode.swift; path = SceneDelegate.swift; sourceTree = "<group>"; };
		8A4F4ACA2A042DA400E1215C /* NewsListTableViewController.swift */ = {isa = PBXFileReference; lastKnownFileType = sourcecode.swift; path = NewsListTableViewController.swift; sourceTree = "<group>"; };
		8A4F4ACD2A042DA400E1215C /* Base */ = {isa = PBXFileReference; lastKnownFileType = file.storyboard; name = Base; path = Base.lproj/Main.storyboard; sourceTree = "<group>"; };
		8A4F4ACF2A042DA600E1215C /* Assets.xcassets */ = {isa = PBXFileReference; lastKnownFileType = folder.assetcatalog; path = Assets.xcassets; sourceTree = "<group>"; };
		8A4F4AD22A042DA600E1215C /* Base */ = {isa = PBXFileReference; lastKnownFileType = file.storyboard; name = Base; path = Base.lproj/LaunchScreen.storyboard; sourceTree = "<group>"; };
		8A4F4AD42A042DA600E1215C /* Info.plist */ = {isa = PBXFileReference; lastKnownFileType = text.plist.xml; path = Info.plist; sourceTree = "<group>"; };
		8A4F4ADC2A0432AA00E1215C /* WebService.swift */ = {isa = PBXFileReference; lastKnownFileType = sourcecode.swift; path = WebService.swift; sourceTree = "<group>"; };
		8A4F4ADF2A0436AD00E1215C /* Article.swift */ = {isa = PBXFileReference; lastKnownFileType = sourcecode.swift; path = Article.swift; sourceTree = "<group>"; };
		8A4F4AE72A0548F500E1215C /* ArticleTableViewCell.swift */ = {isa = PBXFileReference; lastKnownFileType = sourcecode.swift; path = ArticleTableViewCell.swift; sourceTree = "<group>"; };
/* End PBXFileReference section */

/* Begin PBXFrameworksBuildPhase section */
		8A4F4AC02A042DA400E1215C /* Frameworks */ = {
			isa = PBXFrameworksBuildPhase;
			buildActionMask = 2147483647;
			files = (
			);
			runOnlyForDeploymentPostprocessing = 0;
		};
/* End PBXFrameworksBuildPhase section */

/* Begin PBXGroup section */
		8A4F4ABA2A042DA400E1215C = {
			isa = PBXGroup;
			children = (
				8A4F4AC52A042DA400E1215C /* GoodNews */,
				8A4F4AC42A042DA400E1215C /* Products */,
			);
			sourceTree = "<group>";
		};
		8A4F4AC42A042DA400E1215C /* Products */ = {
			isa = PBXGroup;
			children = (
				8A4F4AC32A042DA400E1215C /* GoodNews.app */,
			);
			name = Products;
			sourceTree = "<group>";
		};
		8A4F4AC52A042DA400E1215C /* GoodNews */ = {
			isa = PBXGroup;
			children = (
				8ACFBFC72A07FA8D00268463 /* Supportive Files */,
				8A4F4AD42A042DA600E1215C /* Info.plist */,
				8A4F4ACF2A042DA600E1215C /* Assets.xcassets */,
				8A4F4ADE2A0436A100E1215C /* Models */,
				8A4F4ADB2A04329400E1215C /* Services */,
				8A4F4ADA2A042DC600E1215C /* Controller */,
				8A4F4AE42A05486300E1215C /* Cell */,
				8ACFBFC82A07FAB600268463 /* View */,
			);
			path = GoodNews;
			sourceTree = "<group>";
		};
		8A4F4ADA2A042DC600E1215C /* Controller */ = {
			isa = PBXGroup;
			children = (
				8A4F4ACA2A042DA400E1215C /* NewsListTableViewController.swift */,
			);
			path = Controller;
			sourceTree = "<group>";
		};
		8A4F4ADB2A04329400E1215C /* Services */ = {
			isa = PBXGroup;
			children = (
				8A4F4ADC2A0432AA00E1215C /* WebService.swift */,
			);
			path = Services;
			sourceTree = "<group>";
		};
		8A4F4ADE2A0436A100E1215C /* Models */ = {
			isa = PBXGroup;
			children = (
				8A4F4ADF2A0436AD00E1215C /* Article.swift */,
			);
			path = Models;
			sourceTree = "<group>";
		};
		8A4F4AE42A05486300E1215C /* Cell */ = {
			isa = PBXGroup;
			children = (
				8A4F4AE72A0548F500E1215C /* ArticleTableViewCell.swift */,
			);
			path = Cell;
			sourceTree = "<group>";
		};
		8ACFBFC72A07FA8D00268463 /* Supportive Files */ = {
			isa = PBXGroup;
			children = (
				8A4F4AC82A042DA400E1215C /* SceneDelegate.swift */,
				8A4F4AC62A042DA400E1215C /* AppDelegate.swift */,
				8A4F4AD12A042DA600E1215C /* LaunchScreen.storyboard */,
			);
			path = "Supportive Files";
			sourceTree = "<group>";
		};
		8ACFBFC82A07FAB600268463 /* View */ = {
			isa = PBXGroup;
			children = (
				8A4F4ACC2A042DA400E1215C /* Main.storyboard */,
			);
			path = View;
			sourceTree = "<group>";
		};
/* End PBXGroup section */

/* Begin PBXNativeTarget section */
		8A4F4AC22A042DA400E1215C /* GoodNews */ = {
			isa = PBXNativeTarget;
			buildConfigurationList = 8A4F4AD72A042DA600E1215C /* Build configuration list for PBXNativeTarget "GoodNews" */;
			buildPhases = (
				8A4F4ABF2A042DA400E1215C /* Sources */,
				8A4F4AC02A042DA400E1215C /* Frameworks */,
				8A4F4AC12A042DA400E1215C /* Resources */,
			);
			buildRules = (
			);
			dependencies = (
			);
			name = GoodNews;
			productName = GoodNews;
			productReference = 8A4F4AC32A042DA400E1215C /* GoodNews.app */;
			productType = "com.apple.product-type.application";
		};
/* End PBXNativeTarget section */

/* Begin PBXProject section */
		8A4F4ABB2A042DA400E1215C /* Project object */ = {
			isa = PBXProject;
			attributes = {
				BuildIndependentTargetsInParallel = 1;
				LastSwiftUpdateCheck = 1410;
				LastUpgradeCheck = 1410;
				TargetAttributes = {
					8A4F4AC22A042DA400E1215C = {
						CreatedOnToolsVersion = 14.1;
					};
				};
			};
			buildConfigurationList = 8A4F4ABE2A042DA400E1215C /* Build configuration list for PBXProject "GoodNews" */;
			compatibilityVersion = "Xcode 14.0";
			developmentRegion = en;
			hasScannedForEncodings = 0;
			knownRegions = (
				en,
				Base,
			);
			mainGroup = 8A4F4ABA2A042DA400E1215C;
			productRefGroup = 8A4F4AC42A042DA400E1215C /* Products */;
			projectDirPath = "";
			projectRoot = "";
			targets = (
				8A4F4AC22A042DA400E1215C /* GoodNews */,
			);
		};
/* End PBXProject section */

/* Begin PBXResourcesBuildPhase section */
		8A4F4AC12A042DA400E1215C /* Resources */ = {
			isa = PBXResourcesBuildPhase;
			buildActionMask = 2147483647;
			files = (
				8A4F4AD32A042DA600E1215C /* LaunchScreen.storyboard in Resources */,
				8A4F4AD02A042DA600E1215C /* Assets.xcassets in Resources */,
				8A4F4ACE2A042DA400E1215C /* Main.storyboard in Resources */,
			);
			runOnlyForDeploymentPostprocessing = 0;
		};
/* End PBXResourcesBuildPhase section */

/* Begin PBXSourcesBuildPhase section */
		8A4F4ABF2A042DA400E1215C /* Sources */ = {
			isa = PBXSourcesBuildPhase;
			buildActionMask = 2147483647;
			files = (
				8A4F4ACB2A042DA400E1215C /* NewsListTableViewController.swift in Sources */,
				8A4F4AE02A0436AD00E1215C /* Article.swift in Sources */,
				8A4F4AC72A042DA400E1215C /* AppDelegate.swift in Sources */,
				8A4F4ADD2A0432AA00E1215C /* WebService.swift in Sources */,
				8A4F4AE82A0548F500E1215C /* ArticleTableViewCell.swift in Sources */,
				8A4F4AC92A042DA400E1215C /* SceneDelegate.swift in Sources */,
			);
			runOnlyForDeploymentPostprocessing = 0;
		};
/* End PBXSourcesBuildPhase section */

/* Begin PBXVariantGroup section */
		8A4F4ACC2A042DA400E1215C /* Main.storyboard */ = {
			isa = PBXVariantGroup;
			children = (
				8A4F4ACD2A042DA400E1215C /* Base */,
			);
			name = Main.storyboard;
			sourceTree = "<group>";
		};
		8A4F4AD12A042DA600E1215C /* LaunchScreen.storyboard */ = {
			isa = PBXVariantGroup;
			children = (
				8A4F4AD22A042DA600E1215C /* Base */,
			);
			name = LaunchScreen.storyboard;
			sourceTree = "<group>";
		};
/* End PBXVariantGroup section */

/* Begin XCBuildConfiguration section */
		8A4F4AD52A042DA600E1215C /* Debug */ = {
			isa = XCBuildConfiguration;
			buildSettings = {
				ALWAYS_SEARCH_USER_PATHS = NO;
				CLANG_ANALYZER_NONNULL = YES;
				CLANG_ANALYZER_NUMBER_OBJECT_CONVERSION = YES_AGGRESSIVE;
				CLANG_CXX_LANGUAGE_STANDARD = "gnu++20";
				CLANG_ENABLE_MODULES = YES;
				CLANG_ENABLE_OBJC_ARC = YES;
				CLANG_ENABLE_OBJC_WEAK = YES;
				CLANG_WARN_BLOCK_CAPTURE_AUTORELEASING = YES;
				CLANG_WARN_BOOL_CONVERSION = YES;
				CLANG_WARN_COMMA = YES;
				CLANG_WARN_CONSTANT_CONVERSION = YES;
				CLANG_WARN_DEPRECATED_OBJC_IMPLEMENTATIONS = YES;
				CLANG_WARN_DIRECT_OBJC_ISA_USAGE = YES_ERROR;
				CLANG_WARN_DOCUMENTATION_COMMENTS = YES;
				CLANG_WARN_EMPTY_BODY = YES;
				CLANG_WARN_ENUM_CONVERSION = YES;
				CLANG_WARN_INFINITE_RECURSION = YES;
				CLANG_WARN_INT_CONVERSION = YES;
				CLANG_WARN_NON_LITERAL_NULL_CONVERSION = YES;
				CLANG_WARN_OBJC_IMPLICIT_RETAIN_SELF = YES;
				CLANG_WARN_OBJC_LITERAL_CONVERSION = YES;
				CLANG_WARN_OBJC_ROOT_CLASS = YES_ERROR;
				CLANG_WARN_QUOTED_INCLUDE_IN_FRAMEWORK_HEADER = YES;
				CLANG_WARN_RANGE_LOOP_ANALYSIS = YES;
				CLANG_WARN_STRICT_PROTOTYPES = YES;
				CLANG_WARN_SUSPICIOUS_MOVE = YES;
				CLANG_WARN_UNGUARDED_AVAILABILITY = YES_AGGRESSIVE;
				CLANG_WARN_UNREACHABLE_CODE = YES;
				CLANG_WARN__DUPLICATE_METHOD_MATCH = YES;
				COPY_PHASE_STRIP = NO;
				DEBUG_INFORMATION_FORMAT = dwarf;
				ENABLE_STRICT_OBJC_MSGSEND = YES;
				ENABLE_TESTABILITY = YES;
				GCC_C_LANGUAGE_STANDARD = gnu11;
				GCC_DYNAMIC_NO_PIC = NO;
				GCC_NO_COMMON_BLOCKS = YES;
				GCC_OPTIMIZATION_LEVEL = 0;
				GCC_PREPROCESSOR_DEFINITIONS = (
					"DEBUG=1",
					"$(inherited)",
				);
				GCC_WARN_64_TO_32_BIT_CONVERSION = YES;
				GCC_WARN_ABOUT_RETURN_TYPE = YES_ERROR;
				GCC_WARN_UNDECLARED_SELECTOR = YES;
				GCC_WARN_UNINITIALIZED_AUTOS = YES_AGGRESSIVE;
				GCC_WARN_UNUSED_FUNCTION = YES;
				GCC_WARN_UNUSED_VARIABLE = YES;
				IPHONEOS_DEPLOYMENT_TARGET = 16.1;
				MTL_ENABLE_DEBUG_INFO = INCLUDE_SOURCE;
				MTL_FAST_MATH = YES;
				ONLY_ACTIVE_ARCH = YES;
				SDKROOT = iphoneos;
				SWIFT_ACTIVE_COMPILATION_CONDITIONS = DEBUG;
				SWIFT_OPTIMIZATION_LEVEL = "-Onone";
			};
			name = Debug;
		};
		8A4F4AD62A042DA600E1215C /* Release */ = {
			isa = XCBuildConfiguration;
			buildSettings = {
				ALWAYS_SEARCH_USER_PATHS = NO;
				CLANG_ANALYZER_NONNULL = YES;
				CLANG_ANALYZER_NUMBER_OBJECT_CONVERSION = YES_AGGRESSIVE;
				CLANG_CXX_LANGUAGE_STANDARD = "gnu++20";
				CLANG_ENABLE_MODULES = YES;
				CLANG_ENABLE_OBJC_ARC = YES;
				CLANG_ENABLE_OBJC_WEAK = YES;
				CLANG_WARN_BLOCK_CAPTURE_AUTORELEASING = YES;
				CLANG_WARN_BOOL_CONVERSION = YES;
				CLANG_WARN_COMMA = YES;
				CLANG_WARN_CONSTANT_CONVERSION = YES;
				CLANG_WARN_DEPRECATED_OBJC_IMPLEMENTATIONS = YES;
				CLANG_WARN_DIRECT_OBJC_ISA_USAGE = YES_ERROR;
				CLANG_WARN_DOCUMENTATION_COMMENTS = YES;
				CLANG_WARN_EMPTY_BODY = YES;
				CLANG_WARN_ENUM_CONVERSION = YES;
				CLANG_WARN_INFINITE_RECURSION = YES;
				CLANG_WARN_INT_CONVERSION = YES;
				CLANG_WARN_NON_LITERAL_NULL_CONVERSION = YES;
				CLANG_WARN_OBJC_IMPLICIT_RETAIN_SELF = YES;
				CLANG_WARN_OBJC_LITERAL_CONVERSION = YES;
				CLANG_WARN_OBJC_ROOT_CLASS = YES_ERROR;
				CLANG_WARN_QUOTED_INCLUDE_IN_FRAMEWORK_HEADER = YES;
				CLANG_WARN_RANGE_LOOP_ANALYSIS = YES;
				CLANG_WARN_STRICT_PROTOTYPES = YES;
				CLANG_WARN_SUSPICIOUS_MOVE = YES;
				CLANG_WARN_UNGUARDED_AVAILABILITY = YES_AGGRESSIVE;
				CLANG_WARN_UNREACHABLE_CODE = YES;
				CLANG_WARN__DUPLICATE_METHOD_MATCH = YES;
				COPY_PHASE_STRIP = NO;
				DEBUG_INFORMATION_FORMAT = "dwarf-with-dsym";
				ENABLE_NS_ASSERTIONS = NO;
				ENABLE_STRICT_OBJC_MSGSEND = YES;
				GCC_C_LANGUAGE_STANDARD = gnu11;
				GCC_NO_COMMON_BLOCKS = YES;
				GCC_WARN_64_TO_32_BIT_CONVERSION = YES;
				GCC_WARN_ABOUT_RETURN_TYPE = YES_ERROR;
				GCC_WARN_UNDECLARED_SELECTOR = YES;
				GCC_WARN_UNINITIALIZED_AUTOS = YES_AGGRESSIVE;
				GCC_WARN_UNUSED_FUNCTION = YES;
				GCC_WARN_UNUSED_VARIABLE = YES;
				IPHONEOS_DEPLOYMENT_TARGET = 16.1;
				MTL_ENABLE_DEBUG_INFO = NO;
				MTL_FAST_MATH = YES;
				SDKROOT = iphoneos;
				SWIFT_COMPILATION_MODE = wholemodule;
				SWIFT_OPTIMIZATION_LEVEL = "-O";
				VALIDATE_PRODUCT = YES;
			};
			name = Release;
		};
		8A4F4AD82A042DA600E1215C /* Debug */ = {
			isa = XCBuildConfiguration;
			buildSettings = {
				ASSETCATALOG_COMPILER_APPICON_NAME = AppIcon;
				ASSETCATALOG_COMPILER_GLOBAL_ACCENT_COLOR_NAME = AccentColor;
				CODE_SIGN_STYLE = Automatic;
				CURRENT_PROJECT_VERSION = 1;
				DEVELOPMENT_TEAM = Y52AGMA8UF;
				GENERATE_INFOPLIST_FILE = YES;
				INFOPLIST_FILE = GoodNews/Info.plist;
				INFOPLIST_KEY_UIApplicationSupportsIndirectInputEvents = YES;
				INFOPLIST_KEY_UILaunchStoryboardName = LaunchScreen;
				INFOPLIST_KEY_UIMainStoryboardFile = Main;
				INFOPLIST_KEY_UIStatusBarStyle = UIStatusBarStyleLightContent;
				INFOPLIST_KEY_UISupportedInterfaceOrientations_iPad = "UIInterfaceOrientationPortrait UIInterfaceOrientationPortraitUpsideDown UIInterfaceOrientationLandscapeLeft UIInterfaceOrientationLandscapeRight";
				INFOPLIST_KEY_UISupportedInterfaceOrientations_iPhone = "UIInterfaceOrientationPortrait UIInterfaceOrientationLandscapeLeft UIInterfaceOrientationLandscapeRight";
				LD_RUNPATH_SEARCH_PATHS = (
					"$(inherited)",
					"@executable_path/Frameworks",
				);
				MARKETING_VERSION = 1.0;
				PRODUCT_BUNDLE_IDENTIFIER = br.com.luanapp.GoodNews;
				PRODUCT_NAME = "$(TARGET_NAME)";
				SWIFT_EMIT_LOC_STRINGS = YES;
				SWIFT_VERSION = 5.0;
				TARGETED_DEVICE_FAMILY = "1,2";
			};
			name = Debug;
		};
		8A4F4AD92A042DA600E1215C /* Release */ = {
			isa = XCBuildConfiguration;
			buildSettings = {
				ASSETCATALOG_COMPILER_APPICON_NAME = AppIcon;
				ASSETCATALOG_COMPILER_GLOBAL_ACCENT_COLOR_NAME = AccentColor;
				CODE_SIGN_STYLE = Automatic;
				CURRENT_PROJECT_VERSION = 1;
				DEVELOPMENT_TEAM = Y52AGMA8UF;
				GENERATE_INFOPLIST_FILE = YES;
				INFOPLIST_FILE = GoodNews/Info.plist;
				INFOPLIST_KEY_UIApplicationSupportsIndirectInputEvents = YES;
				INFOPLIST_KEY_UILaunchStoryboardName = LaunchScreen;
				INFOPLIST_KEY_UIMainStoryboardFile = Main;
				INFOPLIST_KEY_UIStatusBarStyle = UIStatusBarStyleLightContent;
				INFOPLIST_KEY_UISupportedInterfaceOrientations_iPad = "UIInterfaceOrientationPortrait UIInterfaceOrientationPortraitUpsideDown UIInterfaceOrientationLandscapeLeft UIInterfaceOrientationLandscapeRight";
				INFOPLIST_KEY_UISupportedInterfaceOrientations_iPhone = "UIInterfaceOrientationPortrait UIInterfaceOrientationLandscapeLeft UIInterfaceOrientationLandscapeRight";
				LD_RUNPATH_SEARCH_PATHS = (
					"$(inherited)",
					"@executable_path/Frameworks",
				);
				MARKETING_VERSION = 1.0;
				PRODUCT_BUNDLE_IDENTIFIER = br.com.luanapp.GoodNews;
				PRODUCT_NAME = "$(TARGET_NAME)";
				SWIFT_EMIT_LOC_STRINGS = YES;
				SWIFT_VERSION = 5.0;
				TARGETED_DEVICE_FAMILY = "1,2";
			};
			name = Release;
		};
/* End XCBuildConfiguration section */

/* Begin XCConfigurationList section */
		8A4F4ABE2A042DA400E1215C /* Build configuration list for PBXProject "GoodNews" */ = {
			isa = XCConfigurationList;
			buildConfigurations = (
				8A4F4AD52A042DA600E1215C /* Debug */,
				8A4F4AD62A042DA600E1215C /* Release */,
			);
			defaultConfigurationIsVisible = 0;
			defaultConfigurationName = Release;
		};
		8A4F4AD72A042DA600E1215C /* Build configuration list for PBXNativeTarget "GoodNews" */ = {
			isa = XCConfigurationList;
			buildConfigurations = (
				8A4F4AD82A042DA600E1215C /* Debug */,
				8A4F4AD92A042DA600E1215C /* Release */,
			);
			defaultConfigurationIsVisible = 0;
			defaultConfigurationName = Release;
		};
/* End XCConfigurationList section */
	};
	rootObject = 8A4F4ABB2A042DA400E1215C /* Project object */;
}
